// !$*UTF8*$!
{
	archiveVersion = 1;
	classes = {
	};
	objectVersion = 46;
	objects = {

/* Begin PBXBuildFile section */
		40BFDB591A925E1C00C21639 /* main.m in Sources */ = {isa = PBXBuildFile; fileRef = 40BFDB581A925E1C00C21639 /* main.m */; };
		40BFDB5C1A925E1C00C21639 /* AppDelegate.m in Sources */ = {isa = PBXBuildFile; fileRef = 40BFDB5B1A925E1C00C21639 /* AppDelegate.m */; };
		40BFDB5F1A925E1C00C21639 /* StacktasticClient.xcdatamodeld in Sources */ = {isa = PBXBuildFile; fileRef = 40BFDB5D1A925E1C00C21639 /* StacktasticClient.xcdatamodeld */; };
		40BFDB651A925E1C00C21639 /* Main.storyboard in Resources */ = {isa = PBXBuildFile; fileRef = 40BFDB631A925E1C00C21639 /* Main.storyboard */; };
		40BFDB671A925E1C00C21639 /* Images.xcassets in Resources */ = {isa = PBXBuildFile; fileRef = 40BFDB661A925E1C00C21639 /* Images.xcassets */; };
		40BFDB6A1A925E1C00C21639 /* LaunchScreen.xib in Resources */ = {isa = PBXBuildFile; fileRef = 40BFDB681A925E1C00C21639 /* LaunchScreen.xib */; };
		40BFDB761A925E1C00C21639 /* StacktasticClientTests.m in Sources */ = {isa = PBXBuildFile; fileRef = 40BFDB751A925E1C00C21639 /* StacktasticClientTests.m */; };
		40BFDB811A925FBB00C21639 /* BurgerContainerController.m in Sources */ = {isa = PBXBuildFile; fileRef = 40BFDB801A925FBB00C21639 /* BurgerContainerController.m */; };
		40BFDB831A926F5F00C21639 /* burger_sandwich_PNG4135.png in Resources */ = {isa = PBXBuildFile; fileRef = 40BFDB821A926F5F00C21639 /* burger_sandwich_PNG4135.png */; };
		40BFDB891A9271E200C21639 /* MenuTableViewController.m in Sources */ = {isa = PBXBuildFile; fileRef = 40BFDB881A9271E200C21639 /* MenuTableViewController.m */; };
		40BFDB8C1A92726200C21639 /* WebOauthViewController.m in Sources */ = {isa = PBXBuildFile; fileRef = 40BFDB8B1A92726200C21639 /* WebOauthViewController.m */; };
		40BFDB8E1A93060B00C21639 /* to-do in Resources */ = {isa = PBXBuildFile; fileRef = 40BFDB8D1A93060B00C21639 /* to-do */; };
		40BFDB901A93071D00C21639 /* stack-exchange-info in Resources */ = {isa = PBXBuildFile; fileRef = 40BFDB8F1A93071D00C21639 /* stack-exchange-info */; };
		40BFDB991A94481D00C21639 /* StackOverflowService.m in Sources */ = {isa = PBXBuildFile; fileRef = 40BFDB981A94481D00C21639 /* StackOverflowService.m */; };
		40BFDB9C1A9448AB00C21639 /* Constants.m in Sources */ = {isa = PBXBuildFile; fileRef = 40BFDB9B1A9448AB00C21639 /* Constants.m */; };
		40BFDBA51A94519E00C21639 /* Question.m in Sources */ = {isa = PBXBuildFile; fileRef = 40BFDBA41A94519E00C21639 /* Question.m */; };
		40BFDBA81A94526900C21639 /* QuestionCell.m in Sources */ = {isa = PBXBuildFile; fileRef = 40BFDBA71A94526900C21639 /* QuestionCell.m */; };
		40BFDBAB1A9453AD00C21639 /* SearchQuestionsViewController.m in Sources */ = {isa = PBXBuildFile; fileRef = 40BFDBAA1A9453AD00C21639 /* SearchQuestionsViewController.m */; };
		40C543CD1A950699003A8206 /* ProfileViewController.m in Sources */ = {isa = PBXBuildFile; fileRef = 40C543CC1A950699003A8206 /* ProfileViewController.m */; settings = {COMPILER_FLAGS = "-fno-objc-arc"; }; };
/* End PBXBuildFile section */

/* Begin PBXContainerItemProxy section */
		40BFDB701A925E1C00C21639 /* PBXContainerItemProxy */ = {
			isa = PBXContainerItemProxy;
			containerPortal = 40BFDB4B1A925E1C00C21639 /* Project object */;
			proxyType = 1;
			remoteGlobalIDString = 40BFDB521A925E1C00C21639;
			remoteInfo = StacktasticClient;
		};
/* End PBXContainerItemProxy section */

/* Begin PBXFileReference section */
		40BFDB531A925E1C00C21639 /* StacktasticClient.app */ = {isa = PBXFileReference; explicitFileType = wrapper.application; includeInIndex = 0; path = StacktasticClient.app; sourceTree = BUILT_PRODUCTS_DIR; };
		40BFDB571A925E1C00C21639 /* Info.plist */ = {isa = PBXFileReference; lastKnownFileType = text.plist.xml; path = Info.plist; sourceTree = "<group>"; };
		40BFDB581A925E1C00C21639 /* main.m */ = {isa = PBXFileReference; lastKnownFileType = sourcecode.c.objc; path = main.m; sourceTree = "<group>"; };
		40BFDB5A1A925E1C00C21639 /* AppDelegate.h */ = {isa = PBXFileReference; lastKnownFileType = sourcecode.c.h; path = AppDelegate.h; sourceTree = "<group>"; };
		40BFDB5B1A925E1C00C21639 /* AppDelegate.m */ = {isa = PBXFileReference; lastKnownFileType = sourcecode.c.objc; path = AppDelegate.m; sourceTree = "<group>"; };
		40BFDB5E1A925E1C00C21639 /* StacktasticClient.xcdatamodel */ = {isa = PBXFileReference; lastKnownFileType = wrapper.xcdatamodel; path = StacktasticClient.xcdatamodel; sourceTree = "<group>"; };
		40BFDB641A925E1C00C21639 /* Base */ = {isa = PBXFileReference; lastKnownFileType = file.storyboard; name = Base; path = Base.lproj/Main.storyboard; sourceTree = "<group>"; };
		40BFDB661A925E1C00C21639 /* Images.xcassets */ = {isa = PBXFileReference; lastKnownFileType = folder.assetcatalog; path = Images.xcassets; sourceTree = "<group>"; };
		40BFDB691A925E1C00C21639 /* Base */ = {isa = PBXFileReference; lastKnownFileType = file.xib; name = Base; path = Base.lproj/LaunchScreen.xib; sourceTree = "<group>"; };
		40BFDB6F1A925E1C00C21639 /* StacktasticClientTests.xctest */ = {isa = PBXFileReference; explicitFileType = wrapper.cfbundle; includeInIndex = 0; path = StacktasticClientTests.xctest; sourceTree = BUILT_PRODUCTS_DIR; };
		40BFDB741A925E1C00C21639 /* Info.plist */ = {isa = PBXFileReference; lastKnownFileType = text.plist.xml; path = Info.plist; sourceTree = "<group>"; };
		40BFDB751A925E1C00C21639 /* StacktasticClientTests.m */ = {isa = PBXFileReference; lastKnownFileType = sourcecode.c.objc; path = StacktasticClientTests.m; sourceTree = "<group>"; };
		40BFDB7F1A925FBB00C21639 /* BurgerContainerController.h */ = {isa = PBXFileReference; fileEncoding = 4; lastKnownFileType = sourcecode.c.h; path = BurgerContainerController.h; sourceTree = "<group>"; };
		40BFDB801A925FBB00C21639 /* BurgerContainerController.m */ = {isa = PBXFileReference; fileEncoding = 4; lastKnownFileType = sourcecode.c.objc; path = BurgerContainerController.m; sourceTree = "<group>"; };
		40BFDB821A926F5F00C21639 /* burger_sandwich_PNG4135.png */ = {isa = PBXFileReference; lastKnownFileType = image.png; path = burger_sandwich_PNG4135.png; sourceTree = "<group>"; };
		40BFDB871A9271E200C21639 /* MenuTableViewController.h */ = {isa = PBXFileReference; fileEncoding = 4; lastKnownFileType = sourcecode.c.h; path = MenuTableViewController.h; sourceTree = "<group>"; };
		40BFDB881A9271E200C21639 /* MenuTableViewController.m */ = {isa = PBXFileReference; fileEncoding = 4; lastKnownFileType = sourcecode.c.objc; path = MenuTableViewController.m; sourceTree = "<group>"; };
		40BFDB8A1A92726200C21639 /* WebOauthViewController.h */ = {isa = PBXFileReference; fileEncoding = 4; lastKnownFileType = sourcecode.c.h; path = WebOauthViewController.h; sourceTree = "<group>"; };
		40BFDB8B1A92726200C21639 /* WebOauthViewController.m */ = {isa = PBXFileReference; fileEncoding = 4; lastKnownFileType = sourcecode.c.objc; path = WebOauthViewController.m; sourceTree = "<group>"; };
		40BFDB8D1A93060B00C21639 /* to-do */ = {isa = PBXFileReference; fileEncoding = 4; lastKnownFileType = text; path = "to-do"; sourceTree = "<group>"; };
		40BFDB8F1A93071D00C21639 /* stack-exchange-info */ = {isa = PBXFileReference; fileEncoding = 4; lastKnownFileType = text; path = "stack-exchange-info"; sourceTree = "<group>"; };
		40BFDB971A94481D00C21639 /* StackOverflowService.h */ = {isa = PBXFileReference; fileEncoding = 4; lastKnownFileType = sourcecode.c.h; path = StackOverflowService.h; sourceTree = "<group>"; };
		40BFDB981A94481D00C21639 /* StackOverflowService.m */ = {isa = PBXFileReference; fileEncoding = 4; lastKnownFileType = sourcecode.c.objc; path = StackOverflowService.m; sourceTree = "<group>"; };
		40BFDB9A1A9448AB00C21639 /* Constants.h */ = {isa = PBXFileReference; fileEncoding = 4; lastKnownFileType = sourcecode.c.h; path = Constants.h; sourceTree = "<group>"; };
		40BFDB9B1A9448AB00C21639 /* Constants.m */ = {isa = PBXFileReference; fileEncoding = 4; lastKnownFileType = sourcecode.c.objc; path = Constants.m; sourceTree = "<group>"; };
		40BFDBA31A94519E00C21639 /* Question.h */ = {isa = PBXFileReference; fileEncoding = 4; lastKnownFileType = sourcecode.c.h; path = Question.h; sourceTree = "<group>"; };
		40BFDBA41A94519E00C21639 /* Question.m */ = {isa = PBXFileReference; fileEncoding = 4; lastKnownFileType = sourcecode.c.objc; path = Question.m; sourceTree = "<group>"; };
		40BFDBA61A94526900C21639 /* QuestionCell.h */ = {isa = PBXFileReference; fileEncoding = 4; lastKnownFileType = sourcecode.c.h; path = QuestionCell.h; sourceTree = "<group>"; };
		40BFDBA71A94526900C21639 /* QuestionCell.m */ = {isa = PBXFileReference; fileEncoding = 4; lastKnownFileType = sourcecode.c.objc; path = QuestionCell.m; sourceTree = "<group>"; };
		40BFDBA91A9453AD00C21639 /* SearchQuestionsViewController.h */ = {isa = PBXFileReference; fileEncoding = 4; lastKnownFileType = sourcecode.c.h; path = SearchQuestionsViewController.h; sourceTree = "<group>"; };
		40BFDBAA1A9453AD00C21639 /* SearchQuestionsViewController.m */ = {isa = PBXFileReference; fileEncoding = 4; lastKnownFileType = sourcecode.c.objc; path = SearchQuestionsViewController.m; sourceTree = "<group>"; };
		40C543CA1A950221003A8206 /* MenuPressedDelegate.h */ = {isa = PBXFileReference; fileEncoding = 4; lastKnownFileType = sourcecode.c.h; path = MenuPressedDelegate.h; sourceTree = "<group>"; };
		40C543CB1A950699003A8206 /* ProfileViewController.h */ = {isa = PBXFileReference; fileEncoding = 4; lastKnownFileType = sourcecode.c.h; path = ProfileViewController.h; sourceTree = "<group>"; };
		40C543CC1A950699003A8206 /* ProfileViewController.m */ = {isa = PBXFileReference; fileEncoding = 4; lastKnownFileType = sourcecode.c.objc; path = ProfileViewController.m; sourceTree = "<group>"; };
/* End PBXFileReference section */

/* Begin PBXFrameworksBuildPhase section */
		40BFDB501A925E1C00C21639 /* Frameworks */ = {
			isa = PBXFrameworksBuildPhase;
			buildActionMask = 2147483647;
			files = (
			);
			runOnlyForDeploymentPostprocessing = 0;
		};
		40BFDB6C1A925E1C00C21639 /* Frameworks */ = {
			isa = PBXFrameworksBuildPhase;
			buildActionMask = 2147483647;
			files = (
			);
			runOnlyForDeploymentPostprocessing = 0;
		};
/* End PBXFrameworksBuildPhase section */

/* Begin PBXGroup section */
		40A1D0281A95537800BC1123 /* Burger Container */ = {
			isa = PBXGroup;
			children = (
				40BFDB7F1A925FBB00C21639 /* BurgerContainerController.h */,
				40BFDB801A925FBB00C21639 /* BurgerContainerController.m */,
				40BFDB871A9271E200C21639 /* MenuTableViewController.h */,
				40BFDB881A9271E200C21639 /* MenuTableViewController.m */,
				40C543CB1A950699003A8206 /* ProfileViewController.h */,
				40C543CC1A950699003A8206 /* ProfileViewController.m */,
				40A1D02A1A95544E00BC1123 /* Menu Table */,
			);
			name = "Burger Container";
			sourceTree = "<group>";
		};
		40A1D0291A9553FA00BC1123 /* Search Questions */ = {
			isa = PBXGroup;
			children = (
				40BFDBA91A9453AD00C21639 /* SearchQuestionsViewController.h */,
				40BFDBAA1A9453AD00C21639 /* SearchQuestionsViewController.m */,
				40BFDB971A94481D00C21639 /* StackOverflowService.h */,
				40BFDB981A94481D00C21639 /* StackOverflowService.m */,
			);
			name = "Search Questions";
			sourceTree = "<group>";
		};
		40A1D02A1A95544E00BC1123 /* Menu Table */ = {
			isa = PBXGroup;
			children = (
				40C543CA1A950221003A8206 /* MenuPressedDelegate.h */,
				40BFDB8A1A92726200C21639 /* WebOauthViewController.h */,
				40BFDB8B1A92726200C21639 /* WebOauthViewController.m */,
			);
			name = "Menu Table";
			sourceTree = "<group>";
		};
		40BFDB4A1A925E1C00C21639 = {
			isa = PBXGroup;
			children = (
				40BFDB551A925E1C00C21639 /* StacktasticClient */,
				40BFDB721A925E1C00C21639 /* StacktasticClientTests */,
				40BFDB541A925E1C00C21639 /* Products */,
			);
			sourceTree = "<group>";
		};
		40BFDB541A925E1C00C21639 /* Products */ = {
			isa = PBXGroup;
			children = (
				40BFDB531A925E1C00C21639 /* StacktasticClient.app */,
				40BFDB6F1A925E1C00C21639 /* StacktasticClientTests.xctest */,
			);
			name = Products;
			sourceTree = "<group>";
		};
		40BFDB551A925E1C00C21639 /* StacktasticClient */ = {
			isa = PBXGroup;
			children = (
				40BFDB931A9442F400C21639 /* Model */,
				40BFDB5D1A925E1C00C21639 /* StacktasticClient.xcdatamodeld */,
				40BFDB911A9442D900C21639 /* View */,
				40BFDB921A9442E500C21639 /* Controller */,
				40BFDB561A925E1C00C21639 /* Supporting Files */,
			);
			path = StacktasticClient;
			sourceTree = "<group>";
		};
		40BFDB561A925E1C00C21639 /* Supporting Files */ = {
			isa = PBXGroup;
			children = (
				40BFDB571A925E1C00C21639 /* Info.plist */,
				40BFDB581A925E1C00C21639 /* main.m */,
			);
			name = "Supporting Files";
			sourceTree = "<group>";
		};
		40BFDB721A925E1C00C21639 /* StacktasticClientTests */ = {
			isa = PBXGroup;
			children = (
				40BFDB751A925E1C00C21639 /* StacktasticClientTests.m */,
				40BFDB731A925E1C00C21639 /* Supporting Files */,
			);
			path = StacktasticClientTests;
			sourceTree = "<group>";
		};
		40BFDB731A925E1C00C21639 /* Supporting Files */ = {
			isa = PBXGroup;
			children = (
				40BFDB741A925E1C00C21639 /* Info.plist */,
				40BFDB8D1A93060B00C21639 /* to-do */,
				40BFDB8F1A93071D00C21639 /* stack-exchange-info */,
			);
			name = "Supporting Files";
			sourceTree = "<group>";
		};
		40BFDB911A9442D900C21639 /* View */ = {
			isa = PBXGroup;
			children = (
				40BFDB681A925E1C00C21639 /* LaunchScreen.xib */,
				40BFDB631A925E1C00C21639 /* Main.storyboard */,
				40BFDB661A925E1C00C21639 /* Images.xcassets */,
				40BFDB821A926F5F00C21639 /* burger_sandwich_PNG4135.png */,
			);
			name = View;
			sourceTree = "<group>";
		};
		40BFDB921A9442E500C21639 /* Controller */ = {
			isa = PBXGroup;
			children = (
				40A1D0291A9553FA00BC1123 /* Search Questions */,
				40A1D0281A95537800BC1123 /* Burger Container */,
				40BFDB5A1A925E1C00C21639 /* AppDelegate.h */,
				40BFDB5B1A925E1C00C21639 /* AppDelegate.m */,
			);
			name = Controller;
			sourceTree = "<group>";
		};
		40BFDB931A9442F400C21639 /* Model */ = {
			isa = PBXGroup;
			children = (
				40BFDB9A1A9448AB00C21639 /* Constants.h */,
				40BFDB9B1A9448AB00C21639 /* Constants.m */,
				40BFDBA31A94519E00C21639 /* Question.h */,
				40BFDBA41A94519E00C21639 /* Question.m */,
				40BFDBA61A94526900C21639 /* QuestionCell.h */,
				40BFDBA71A94526900C21639 /* QuestionCell.m */,
			);
			name = Model;
			sourceTree = "<group>";
		};
/* End PBXGroup section */

/* Begin PBXNativeTarget section */
		40BFDB521A925E1C00C21639 /* StacktasticClient */ = {
			isa = PBXNativeTarget;
			buildConfigurationList = 40BFDB791A925E1C00C21639 /* Build configuration list for PBXNativeTarget "StacktasticClient" */;
			buildPhases = (
				40BFDB4F1A925E1C00C21639 /* Sources */,
				40BFDB501A925E1C00C21639 /* Frameworks */,
				40BFDB511A925E1C00C21639 /* Resources */,
			);
			buildRules = (
			);
			dependencies = (
			);
			name = StacktasticClient;
			productName = StacktasticClient;
			productReference = 40BFDB531A925E1C00C21639 /* StacktasticClient.app */;
			productType = "com.apple.product-type.application";
		};
		40BFDB6E1A925E1C00C21639 /* StacktasticClientTests */ = {
			isa = PBXNativeTarget;
			buildConfigurationList = 40BFDB7C1A925E1C00C21639 /* Build configuration list for PBXNativeTarget "StacktasticClientTests" */;
			buildPhases = (
				40BFDB6B1A925E1C00C21639 /* Sources */,
				40BFDB6C1A925E1C00C21639 /* Frameworks */,
				40BFDB6D1A925E1C00C21639 /* Resources */,
			);
			buildRules = (
			);
			dependencies = (
				40BFDB711A925E1C00C21639 /* PBXTargetDependency */,
			);
			name = StacktasticClientTests;
			productName = StacktasticClientTests;
			productReference = 40BFDB6F1A925E1C00C21639 /* StacktasticClientTests.xctest */;
			productType = "com.apple.product-type.bundle.unit-test";
		};
/* End PBXNativeTarget section */

/* Begin PBXProject section */
		40BFDB4B1A925E1C00C21639 /* Project object */ = {
			isa = PBXProject;
			attributes = {
				LastUpgradeCheck = 0610;
				ORGANIZATIONNAME = "Eric Mentele";
				TargetAttributes = {
					40BFDB521A925E1C00C21639 = {
						CreatedOnToolsVersion = 6.1.1;
					};
					40BFDB6E1A925E1C00C21639 = {
						CreatedOnToolsVersion = 6.1.1;
						TestTargetID = 40BFDB521A925E1C00C21639;
					};
				};
			};
			buildConfigurationList = 40BFDB4E1A925E1C00C21639 /* Build configuration list for PBXProject "StacktasticClient" */;
			compatibilityVersion = "Xcode 3.2";
			developmentRegion = English;
			hasScannedForEncodings = 0;
			knownRegions = (
				en,
				Base,
			);
			mainGroup = 40BFDB4A1A925E1C00C21639;
			productRefGroup = 40BFDB541A925E1C00C21639 /* Products */;
			projectDirPath = "";
			projectRoot = "";
			targets = (
				40BFDB521A925E1C00C21639 /* StacktasticClient */,
				40BFDB6E1A925E1C00C21639 /* StacktasticClientTests */,
			);
		};
/* End PBXProject section */

/* Begin PBXResourcesBuildPhase section */
		40BFDB511A925E1C00C21639 /* Resources */ = {
			isa = PBXResourcesBuildPhase;
			buildActionMask = 2147483647;
			files = (
				40BFDB651A925E1C00C21639 /* Main.storyboard in Resources */,
				40BFDB6A1A925E1C00C21639 /* LaunchScreen.xib in Resources */,
				40BFDB831A926F5F00C21639 /* burger_sandwich_PNG4135.png in Resources */,
				40BFDB671A925E1C00C21639 /* Images.xcassets in Resources */,
			);
			runOnlyForDeploymentPostprocessing = 0;
		};
		40BFDB6D1A925E1C00C21639 /* Resources */ = {
			isa = PBXResourcesBuildPhase;
			buildActionMask = 2147483647;
			files = (
				40BFDB901A93071D00C21639 /* stack-exchange-info in Resources */,
				40BFDB8E1A93060B00C21639 /* to-do in Resources */,
			);
			runOnlyForDeploymentPostprocessing = 0;
		};
/* End PBXResourcesBuildPhase section */

/* Begin PBXSourcesBuildPhase section */
		40BFDB4F1A925E1C00C21639 /* Sources */ = {
			isa = PBXSourcesBuildPhase;
			buildActionMask = 2147483647;
			files = (
				40BFDB811A925FBB00C21639 /* BurgerContainerController.m in Sources */,
				40BFDB5C1A925E1C00C21639 /* AppDelegate.m in Sources */,
				40BFDB591A925E1C00C21639 /* main.m in Sources */,
				40BFDB8C1A92726200C21639 /* WebOauthViewController.m in Sources */,
				40BFDB991A94481D00C21639 /* StackOverflowService.m in Sources */,
				40BFDBA81A94526900C21639 /* QuestionCell.m in Sources */,
				40BFDB891A9271E200C21639 /* MenuTableViewController.m in Sources */,
				40BFDBAB1A9453AD00C21639 /* SearchQuestionsViewController.m in Sources */,
				40BFDBA51A94519E00C21639 /* Question.m in Sources */,
				40BFDB5F1A925E1C00C21639 /* StacktasticClient.xcdatamodeld in Sources */,
				40C543CD1A950699003A8206 /* ProfileViewController.m in Sources */,
				40BFDB9C1A9448AB00C21639 /* Constants.m in Sources */,
			);
			runOnlyForDeploymentPostprocessing = 0;
		};
		40BFDB6B1A925E1C00C21639 /* Sources */ = {
			isa = PBXSourcesBuildPhase;
			buildActionMask = 2147483647;
			files = (
				40BFDB761A925E1C00C21639 /* StacktasticClientTests.m in Sources */,
			);
			runOnlyForDeploymentPostprocessing = 0;
		};
/* End PBXSourcesBuildPhase section */

/* Begin PBXTargetDependency section */
		40BFDB711A925E1C00C21639 /* PBXTargetDependency */ = {
			isa = PBXTargetDependency;
			target = 40BFDB521A925E1C00C21639 /* StacktasticClient */;
			targetProxy = 40BFDB701A925E1C00C21639 /* PBXContainerItemProxy */;
		};
/* End PBXTargetDependency section */

/* Begin PBXVariantGroup section */
		40BFDB631A925E1C00C21639 /* Main.storyboard */ = {
			isa = PBXVariantGroup;
			children = (
				40BFDB641A925E1C00C21639 /* Base */,
			);
			name = Main.storyboard;
			sourceTree = "<group>";
		};
		40BFDB681A925E1C00C21639 /* LaunchScreen.xib */ = {
			isa = PBXVariantGroup;
			children = (
				40BFDB691A925E1C00C21639 /* Base */,
			);
			name = LaunchScreen.xib;
			sourceTree = "<group>";
		};
/* End PBXVariantGroup section */

/* Begin XCBuildConfiguration section */
		40BFDB771A925E1C00C21639 /* Debug */ = {
			isa = XCBuildConfiguration;
			buildSettings = {
				ALWAYS_SEARCH_USER_PATHS = NO;
				CLANG_CXX_LANGUAGE_STANDARD = "gnu++0x";
				CLANG_CXX_LIBRARY = "libc++";
				CLANG_ENABLE_MODULES = YES;
				CLANG_ENABLE_OBJC_ARC = YES;
				CLANG_WARN_BOOL_CONVERSION = YES;
				CLANG_WARN_CONSTANT_CONVERSION = YES;
				CLANG_WARN_DIRECT_OBJC_ISA_USAGE = YES_ERROR;
				CLANG_WARN_EMPTY_BODY = YES;
				CLANG_WARN_ENUM_CONVERSION = YES;
				CLANG_WARN_INT_CONVERSION = YES;
				CLANG_WARN_OBJC_ROOT_CLASS = YES_ERROR;
				CLANG_WARN_UNREACHABLE_CODE = YES;
				CLANG_WARN__DUPLICATE_METHOD_MATCH = YES;
				"CODE_SIGN_IDENTITY[sdk=iphoneos*]" = "iPhone Developer";
				COPY_PHASE_STRIP = NO;
				ENABLE_STRICT_OBJC_MSGSEND = YES;
				GCC_C_LANGUAGE_STANDARD = gnu99;
				GCC_DYNAMIC_NO_PIC = NO;
				GCC_OPTIMIZATION_LEVEL = 0;
				GCC_PREPROCESSOR_DEFINITIONS = (
					"DEBUG=1",
					"$(inherited)",
				);
				GCC_SYMBOLS_PRIVATE_EXTERN = NO;
				GCC_WARN_64_TO_32_BIT_CONVERSION = YES;
				GCC_WARN_ABOUT_RETURN_TYPE = YES_ERROR;
				GCC_WARN_UNDECLARED_SELECTOR = YES;
				GCC_WARN_UNINITIALIZED_AUTOS = YES_AGGRESSIVE;
				GCC_WARN_UNUSED_FUNCTION = YES;
				GCC_WARN_UNUSED_VARIABLE = YES;
				IPHONEOS_DEPLOYMENT_TARGET = 8.1;
				MTL_ENABLE_DEBUG_INFO = YES;
				ONLY_ACTIVE_ARCH = YES;
				SDKROOT = iphoneos;
			};
			name = Debug;
		};
		40BFDB781A925E1C00C21639 /* Release */ = {
			isa = XCBuildConfiguration;
			buildSettings = {
				ALWAYS_SEARCH_USER_PATHS = NO;
				CLANG_CXX_LANGUAGE_STANDARD = "gnu++0x";
				CLANG_CXX_LIBRARY = "libc++";
				CLANG_ENABLE_MODULES = YES;
				CLANG_ENABLE_OBJC_ARC = YES;
				CLANG_WARN_BOOL_CONVERSION = YES;
				CLANG_WARN_CONSTANT_CONVERSION = YES;
				CLANG_WARN_DIRECT_OBJC_ISA_USAGE = YES_ERROR;
				CLANG_WARN_EMPTY_BODY = YES;
				CLANG_WARN_ENUM_CONVERSION = YES;
				CLANG_WARN_INT_CONVERSION = YES;
				CLANG_WARN_OBJC_ROOT_CLASS = YES_ERROR;
				CLANG_WARN_UNREACHABLE_CODE = YES;
				CLANG_WARN__DUPLICATE_METHOD_MATCH = YES;
				"CODE_SIGN_IDENTITY[sdk=iphoneos*]" = "iPhone Developer";
				COPY_PHASE_STRIP = YES;
				ENABLE_NS_ASSERTIONS = NO;
				ENABLE_STRICT_OBJC_MSGSEND = YES;
				GCC_C_LANGUAGE_STANDARD = gnu99;
				GCC_WARN_64_TO_32_BIT_CONVERSION = YES;
				GCC_WARN_ABOUT_RETURN_TYPE = YES_ERROR;
				GCC_WARN_UNDECLARED_SELECTOR = YES;
				GCC_WARN_UNINITIALIZED_AUTOS = YES_AGGRESSIVE;
				GCC_WARN_UNUSED_FUNCTION = YES;
				GCC_WARN_UNUSED_VARIABLE = YES;
				IPHONEOS_DEPLOYMENT_TARGET = 8.1;
				MTL_ENABLE_DEBUG_INFO = NO;
				SDKROOT = iphoneos;
				VALIDATE_PRODUCT = YES;
			};
			name = Release;
		};
		40BFDB7A1A925E1C00C21639 /* Debug */ = {
			isa = XCBuildConfiguration;
			buildSettings = {
				ASSETCATALOG_COMPILER_APPICON_NAME = AppIcon;
				INFOPLIST_FILE = StacktasticClient/Info.plist;
				LD_RUNPATH_SEARCH_PATHS = "$(inherited) @executable_path/Frameworks";
				PRODUCT_NAME = "$(TARGET_NAME)";
			};
			name = Debug;
		};
		40BFDB7B1A925E1C00C21639 /* Release */ = {
			isa = XCBuildConfiguration;
			buildSettings = {
				ASSETCATALOG_COMPILER_APPICON_NAME = AppIcon;
				INFOPLIST_FILE = StacktasticClient/Info.plist;
				LD_RUNPATH_SEARCH_PATHS = "$(inherited) @executable_path/Frameworks";
				PRODUCT_NAME = "$(TARGET_NAME)";
			};
			name = Release;
		};
		40BFDB7D1A925E1C00C21639 /* Debug */ = {
			isa = XCBuildConfiguration;
			buildSettings = {
				BUNDLE_LOADER = "$(TEST_HOST)";
				FRAMEWORK_SEARCH_PATHS = (
					"$(SDKROOT)/Developer/Library/Frameworks",
					"$(inherited)",
				);
				GCC_PREPROCESSOR_DEFINITIONS = (
					"DEBUG=1",
					"$(inherited)",
				);
				INFOPLIST_FILE = StacktasticClientTests/Info.plist;
				LD_RUNPATH_SEARCH_PATHS = "$(inherited) @executable_path/Frameworks @loader_path/Frameworks";
				PRODUCT_NAME = "$(TARGET_NAME)";
				TEST_HOST = "$(BUILT_PRODUCTS_DIR)/StacktasticClient.app/StacktasticClient";
			};
			name = Debug;
		};
		40BFDB7E1A925E1C00C21639 /* Release */ = {
			isa = XCBuildConfiguration;
			buildSettings = {
				BUNDLE_LOADER = "$(TEST_HOST)";
				FRAMEWORK_SEARCH_PATHS = (
					"$(SDKROOT)/Developer/Library/Frameworks",
					"$(inherited)",
				);
				INFOPLIST_FILE = StacktasticClientTests/Info.plist;
				LD_RUNPATH_SEARCH_PATHS = "$(inherited) @executable_path/Frameworks @loader_path/Frameworks";
				PRODUCT_NAME = "$(TARGET_NAME)";
				TEST_HOST = "$(BUILT_PRODUCTS_DIR)/StacktasticClient.app/StacktasticClient";
			};
			name = Release;
		};
/* End XCBuildConfiguration section */

/* Begin XCConfigurationList section */
		40BFDB4E1A925E1C00C21639 /* Build configuration list for PBXProject "StacktasticClient" */ = {
			isa = XCConfigurationList;
			buildConfigurations = (
				40BFDB771A925E1C00C21639 /* Debug */,
				40BFDB781A925E1C00C21639 /* Release */,
			);
			defaultConfigurationIsVisible = 0;
			defaultConfigurationName = Release;
		};
		40BFDB791A925E1C00C21639 /* Build configuration list for PBXNativeTarget "StacktasticClient" */ = {
			isa = XCConfigurationList;
			buildConfigurations = (
				40BFDB7A1A925E1C00C21639 /* Debug */,
				40BFDB7B1A925E1C00C21639 /* Release */,
			);
			defaultConfigurationIsVisible = 0;
			defaultConfigurationName = Release;
		};
		40BFDB7C1A925E1C00C21639 /* Build configuration list for PBXNativeTarget "StacktasticClientTests" */ = {
			isa = XCConfigurationList;
			buildConfigurations = (
				40BFDB7D1A925E1C00C21639 /* Debug */,
				40BFDB7E1A925E1C00C21639 /* Release */,
			);
			defaultConfigurationIsVisible = 0;
			defaultConfigurationName = Release;
		};
/* End XCConfigurationList section */

/* Begin XCVersionGroup section */
		40BFDB5D1A925E1C00C21639 /* StacktasticClient.xcdatamodeld */ = {
			isa = XCVersionGroup;
			children = (
				40BFDB5E1A925E1C00C21639 /* StacktasticClient.xcdatamodel */,
			);
			currentVersion = 40BFDB5E1A925E1C00C21639 /* StacktasticClient.xcdatamodel */;
			path = StacktasticClient.xcdatamodeld;
			sourceTree = "<group>";
			versionGroupType = wrapper.xcdatamodel;
		};
/* End XCVersionGroup section */
	};
	rootObject = 40BFDB4B1A925E1C00C21639 /* Project object */;
}
